[[package]]
name = "docstring-parser"
version = "0.18.0"
description = "Parse Python docstrings in reST, Google and Numpydoc format"
category = "main"
optional = false
python-versions = ">=3.8"

[package.extras]
dev = ["pre-commit (>=2.16.0)", "pydoctor (>=25.4.0)", "pytest"]
docs = ["pydoctor (>=25.4.0)"]
test = ["pytest"]

[metadata]
lock-version = "1.1"
python-versions = "^3.8"
content-hash = "319637ad76887fd6912865bf1d857503a5bcd8c6aaf7ed0ab8d3a182882d1188"

[metadata.files]
docstring-parser = [
    {file = "docstring_parser-0.18.0-py3-none-any.whl", hash = "sha256:b3fcbed555c47d8479be0796ef7e19c2670d428d72e96da63f3a40122860374b"},
    {file = "docstring_parser-0.18.0.tar.gz", hash = "sha256:292510982205c12b1248696f44959db3cdd1740237a968ea1e2e7a900eeb2015"},
]
